{
    "_readme": [
        "This file locks the dependencies of your project to a known state",
        "Read more about it at https://getcomposer.org/doc/01-basic-usage.md#installing-dependencies",
        "This file is @generated automatically"
    ],
    "content-hash": "4da4835376641e0be37636a680c31b0a",
    "packages": [
        {
            "name": "ecpay/sdk",
            "version": "1.2.20221021",
            "source": {
                "type": "git",
                "url": "https://github.com/ECPay/SDK_PHP.git",
                "reference": "eb9daf0cd1a8f2454588dd39daf149510e5c4f95"
            },
            "dist": {
                "type": "zip",
                "url": "https://api.github.com/repos/ECPay/SDK_PHP/zipball/eb9daf0cd1a8f2454588dd39daf149510e5c4f95",
                "reference": "eb9daf0cd1a8f2454588dd39daf149510e5c4f95",
                "shasum": ""
            },
            "require": {
                "php": "^5.6.20 || ^7.0 || ^8.0"
            },
            "require-dev": {
                "fzaninotto/faker": "1.9.x-dev",
                "phpunit/phpunit": "^5.0 || ^6.0 || ^7.0 || ^8.0"
            },
            "type": "library",
            "autoload": {
                "psr-4": {
                    "Ecpay\\Sdk\\": "src/"
                }
            },
            "notification-url": "https://packagist.org/downloads/",
            "license": [
                "MIT"
            ],
            "description": "ECPay SDK",
            "support": {
                "issues": "https://github.com/ECPay/SDK_PHP/issues",
                "source": "https://github.com/ECPay/SDK_PHP/tree/1.2.20221021"
            },
            "time": "2022-05-24T07:35:22+00:00"
        }
    ],
    "packages-dev": [],
    "aliases": [],
    "minimum-stability": "stable",
    "stability-flags": [],
    "prefer-stable": false,
    "prefer-lowest": false,
    "platform": [],
    "platform-dev": [],
    "plugin-api-version": "2.3.0"
}
