{
  "requires": true,
  "lockfileVersion": 1,
  "dependencies": {
    "twzipcode.js": {
      "version": "3.0.1",
      "resolved": "https://registry.npmjs.org/twzipcode.js/-/twzipcode.js-3.0.1.tgz",
      "integrity": "sha512-X0z/mnnKDYGZZfKs6ZQhYwpQmBDAvXHJLBooQ9O9s/X9ArGVE5aK3k2LYsADz+3hncI+Fo3NK+OJcfgR32+Mfw==",
      "dev": true,
      "requires": {
        "twzipcode.js": "^3.0.0"
      }
    }
  }
}
