{
  "requires": true,
  "lockfileVersion": 1,
  "dependencies": {
    "vue3-carousel": {
      "version": "0.3.1",
      "resolved": "https://registry.npmjs.org/vue3-carousel/-/vue3-carousel-0.3.1.tgz",
      "integrity": "sha512-86vUkNPBzL2PVuR9w6hUsI90ccFjLp+K8cSFpRTISf+SjUQY3fMHc5CFF5MUL62v1xYYm27zEBmQupO9VQx9Kw=="
    }
  }
}
